github.com/1071343872/foo v0.0.0-20190812063631-240da294c777 h1:/KJ3wZepVCTasJfnmsKjfjIu3ymMkltfIaB6KSPXkbY=
github.com/1071343872/foo v0.0.0-20190812063631-240da294c777/go.mod h1:bUwz73dMOTCM9T6/Y6lhU0R46NSj7eQvs3l/UNWe7/I=
github.com/1071343872/test v0.0.0-20190813020631-5146150de7ee h1:XXPbm6q+DtyBQqhtAB7RgOEcVzfB+2datiO/I+VP11k=
github.com/1071343872/test v0.0.0-20190813020631-5146150de7ee/go.mod h1:HJuz2dO9oZDWJCwA1XDiMoKXnQOzrAcwgK2WXUk0aVw=
github.com/ahmetb/go-linq v3.0.0+incompatible h1:qQkjjOXKrKOTy83X8OpRmnKflXKQIL/mC/gMVVDMhOA=
github.com/ahmetb/go-linq v3.0.0+incompatible/go.mod h1:PFffvbdbtw+QTB0WKRP0cNht7vnCfnGlEpak/DVg5cY=
github.com/cihub/seelog v0.0.0-20151216151435-d2c6e5aa9fbf h1:XI2tOTCBqEnMyN2j1yPBI07yQHeywUSCEf8YWqf0oKw=
github.com/cihub/seelog v0.0.0-20151216151435-d2c6e5aa9fbf/go.mod h1:9d6lWj8KzO/fd/NrVaLscBKmPigpZpn5YawRPw+e3Yo=
github.com/codegangsta/cli v1.20.0 h1:iX1FXEgwzd5+XN6wk5cVHOGQj6Q3Dcp20lUeS4lHNTw=
github.com/codegangsta/cli v1.20.0/go.mod h1:/qJNoX69yVSKu5o4jLyXAENLRyk1uhi7zkbQ3slBdOA=
github.com/davyxu/golexer v0.1.0 h1:PFavbgNV8PUH2HPU1G3o0QMcNJ3I4BkL8esbeenTyMU=
github.com/davyxu/golexer v0.1.0/go.mod h1:K/1PVWqaQEwMs+N+VvaoS66o1BAAwso+jEgXKBIa8QY=
github.com/davyxu/golog v0.1.0 h1:SsV3m2x37sCzFaQzq5OHc5S+PE2VMiL7XUx34JCa7mo=
github.com/davyxu/golog v0.1.0/go.mod h1:YwChkFY5dCYt77yuPlWjcR6KlWqVJNbz3WkwC/8WgQk=
github.com/davyxu/protoplus v0.1.0 h1:iKk94nwYZdEK8r1r4GZDkW7JnmLJTPYQSVUvBLBxsb8=
github.com/davyxu/protoplus v0.1.0/go.mod h1:WzmNYPvYsyks3G81jCJ/vGY2ljs49qFMfCmXGwvxFLA=
github.com/davyxu/tabtoy v0.0.0-20190715035631-8c93fb6a7d8e h1:oGnHJp0jCFv9uy/KHTXyOxJwnfumdqoQmetFTBErIm4=
github.com/davyxu/tabtoy v0.0.0-20190715035631-8c93fb6a7d8e/go.mod h1:D6cpQCX63MxCniD2wFX2Q/bytB9QYkTudxt+oAahmxk=
github.com/kr/pretty v0.1.0 h1:L/CwN0zerZDmRFUapSPitk6f+Q3+0za1rQkzVuMiMFI=
github.com/kr/pretty v0.1.0/go.mod h1:dAy3ld7l9f0ibDNOQOHHMYYIIbhfbHSm3C4ZsoJORNo=
github.com/kr/pty v1.1.1/go.mod h1:pFQYn66WHrOpPYNljwOMqo10TkYh1fy3cYio2l3bCsQ=
github.com/kr/text v0.1.0 h1:45sCR5RtlFHMR4UwH9sdQ5TC8v0qDQCHnXt+kaKSTVE=
github.com/kr/text v0.1.0/go.mod h1:4Jbv+DJW3UT/LiOwJeYQe1efqtUx/iVham/4vfdArNI=
github.com/pkg/errors v0.8.1 h1:iURUrRGxPUNPdy5/HRSm+Yj6okJ6UtLINN0Q9M4+h3I=
github.com/pkg/errors v0.8.1/go.mod h1:bwawxfHBFNV+L2hUp1rHADufV3IMtnDRdf1r5NINEl0=
github.com/tealeg/xlsx v1.0.4-0.20190601071628-e2d23f3c43dc h1:WhjmAhd6qju7Jf7hseM3Gd26PMjJJbAcEYgfRnznnko=
github.com/tealeg/xlsx v1.0.4-0.20190601071628-e2d23f3c43dc/go.mod h1:uxu5UY2ovkuRPWKQ8Q7JG0JbSivrISjdPzZQKeo74mA=
gitlab.taiyouxi.cn/platform/planx v0.0.0-20171124085011-572d1f9be0eb h1:uGumKF1YMBGOCO6Z4Iy3W001nxtZvLNVpbPou9FuKpU=
gitlab.taiyouxi.cn/platform/planx v0.0.0-20171124085011-572d1f9be0eb/go.mod h1:wJra6QTEbxqGF5f6r1qrswY6r0B6yb1un02fjCArCfg=
golang.org/x/text v0.3.2 h1:tW2bmiBqwgJj/UpqtC8EpXEZVYOwU0yG4iWbprSVAcs=
golang.org/x/text v0.3.2/go.mod h1:bEr9sfX3Q8Zfm5fL9x+3itogRgK3+ptLWKqgva+5dAk=
golang.org/x/tools v0.0.0-20180917221912-90fa682c2a6e/go.mod h1:n7NCudcB/nEzxVGmLbDWY5pfWTLqBcC2KZ6jyYvM4mQ=
gopkg.in/check.v1 v1.0.0-20180628173108-788fd7840127 h1:qIbj1fsPNlZgppZ+VLlY7N33q108Sa+fhmuc+sWQYwY=
gopkg.in/check.v1 v1.0.0-20180628173108-788fd7840127/go.mod h1:Co6ibVJAznAaIkqp8huTwlJQCZ016jof/cbN4VW5Yz0=
